
Microsoft Visual Studio Solution File, Format Version 12.00
# Visual Studio Version 17
VisualStudioVersion = 17.14.37012.4
MinimumVisualStudioVersion = 10.0.40219.1
Project("{FAE04EC0-301F-11D3-BF4B-00C04F79EFBC}") = "FinDistill.Application.Tests", "tests\FinDistill.Application.Tests\FinDistill.Application.Tests.csproj", "{80611D1D-A99A-83AA-9230-F185E1B07B36}"
EndProject
Project("{FAE04EC0-301F-11D3-BF4B-00C04F79EFBC}") = "FinDistill.Domain.Tests", "tests\FinDistill.Domain.Tests\FinDistill.Domain.Tests.csproj", "{32433B2E-6D3B-5806-D2C8-DF5B6248FB88}"
EndProject
Project("{FAE04EC0-301F-11D3-BF4B-00C04F79EFBC}") = "FinDistill.Infrastructure.Tests", "tests\FinDistill.Infrastructure.Tests\FinDistill.Infrastructure.Tests.csproj", "{1896F0FB-98E2-40DC-8442-032F034DE06F}"
EndProject
Project("{2150E333-8FDC-42A3-9474-1A3956D46DE8}") = "Tests", "Tests", "{02EA681E-C7D8-13C7-8484-4AC65E1B71E8}"
EndProject
Project("{2150E333-8FDC-42A3-9474-1A3956D46DE8}") = "src", "src", "{827E0CD3-B72D-47B6-A68D-7590B98EB39B}"
EndProject
Project("{FAE04EC0-301F-11D3-BF4B-00C04F79EFBC}") = "FinDistill.Domain", "src\FinDistill.Domain\FinDistill.Domain.csproj", "{0B5F2431-0193-4D99-A2A2-5669BB639341}"
EndProject
Project("{FAE04EC0-301F-11D3-BF4B-00C04F79EFBC}") = "FinDistill.Application", "src\FinDistill.Application\FinDistill.Application.csproj", "{8B4DE350-44A3-4C12-9B2E-E17E77356D86}"
EndProject
Project("{FAE04EC0-301F-11D3-BF4B-00C04F79EFBC}") = "FinDistill.Infrastructure", "src\FinDistill.Infrastructure\FinDistill.Infrastructure.csproj", "{031D4A1A-EDEC-45C4-92F3-5608D0818DF9}"
EndProject
Project("{FAE04EC0-301F-11D3-BF4B-00C04F79EFBC}") = "FinDistill.Web", "src\FinDistill.Web\FinDistill.Web.csproj", "{CF24BF62-E07F-472D-9BE3-D4C9889B9A68}"
EndProject
Project("{FAE04EC0-301F-11D3-BF4B-00C04F79EFBC}") = "FinDistill.Worker", "src\FinDistill.Worker\FinDistill.Worker.csproj", "{5E419622-E663-4268-9546-F4DD94D02753}"
EndProject
Global
	GlobalSection(SolutionConfigurationPlatforms) = preSolution
		Debug|Any CPU = Debug|Any CPU
		Debug|x64 = Debug|x64
		Debug|x86 = Debug|x86
		Release|Any CPU = Release|Any CPU
		Release|x64 = Release|x64
		Release|x86 = Release|x86
	EndGlobalSection
	GlobalSection(ProjectConfigurationPlatforms) = postSolution
		{80611D1D-A99A-83AA-9230-F185E1B07B36}.Debug|Any CPU.ActiveCfg = Debug|Any CPU
		{80611D1D-A99A-83AA-9230-F185E1B07B36}.Debug|Any CPU.Build.0 = Debug|Any CPU
		{80611D1D-A99A-83AA-9230-F185E1B07B36}.Debug|x64.ActiveCfg = Debug|Any CPU
		{80611D1D-A99A-83AA-9230-F185E1B07B36}.Debug|x64.Build.0 = Debug|Any CPU
		{80611D1D-A99A-83AA-9230-F185E1B07B36}.Debug|x86.ActiveCfg = Debug|Any CPU
		{80611D1D-A99A-83AA-9230-F185E1B07B36}.Debug|x86.Build.0 = Debug|Any CPU
		{80611D1D-A99A-83AA-9230-F185E1B07B36}.Release|Any CPU.ActiveCfg = Release|Any CPU
		{80611D1D-A99A-83AA-9230-F185E1B07B36}.Release|Any CPU.Build.0 = Release|Any CPU
		{80611D1D-A99A-83AA-9230-F185E1B07B36}.Release|x64.ActiveCfg = Release|Any CPU
		{80611D1D-A99A-83AA-9230-F185E1B07B36}.Release|x64.Build.0 = Release|Any CPU
		{80611D1D-A99A-83AA-9230-F185E1B07B36}.Release|x86.ActiveCfg = Release|Any CPU
		{80611D1D-A99A-83AA-9230-F185E1B07B36}.Release|x86.Build.0 = Release|Any CPU
		{32433B2E-6D3B-5806-D2C8-DF5B6248FB88}.Debug|Any CPU.ActiveCfg = Debug|Any CPU
		{32433B2E-6D3B-5806-D2C8-DF5B6248FB88}.Debug|Any CPU.Build.0 = Debug|Any CPU
		{32433B2E-6D3B-5806-D2C8-DF5B6248FB88}.Debug|x64.ActiveCfg = Debug|Any CPU
		{32433B2E-6D3B-5806-D2C8-DF5B6248FB88}.Debug|x64.Build.0 = Debug|Any CPU
		{32433B2E-6D3B-5806-D2C8-DF5B6248FB88}.Debug|x86.ActiveCfg = Debug|Any CPU
		{32433B2E-6D3B-5806-D2C8-DF5B6248FB88}.Debug|x86.Build.0 = Debug|Any CPU
		{32433B2E-6D3B-5806-D2C8-DF5B6248FB88}.Release|Any CPU.ActiveCfg = Release|Any CPU
		{32433B2E-6D3B-5806-D2C8-DF5B6248FB88}.Release|Any CPU.Build.0 = Release|Any CPU
		{32433B2E-6D3B-5806-D2C8-DF5B6248FB88}.Release|x64.ActiveCfg = Release|Any CPU
		{32433B2E-6D3B-5806-D2C8-DF5B6248FB88}.Release|x64.Build.0 = Release|Any CPU
		{32433B2E-6D3B-5806-D2C8-DF5B6248FB88}.Release|x86.ActiveCfg = Release|Any CPU
		{32433B2E-6D3B-5806-D2C8-DF5B6248FB88}.Release|x86.Build.0 = Release|Any CPU
		{1896F0FB-98E2-40DC-8442-032F034DE06F}.Debug|Any CPU.ActiveCfg = Debug|Any CPU
		{1896F0FB-98E2-40DC-8442-032F034DE06F}.Debug|Any CPU.Build.0 = Debug|Any CPU
		{1896F0FB-98E2-40DC-8442-032F034DE06F}.Debug|x64.ActiveCfg = Debug|Any CPU
		{1896F0FB-98E2-40DC-8442-032F034DE06F}.Debug|x64.Build.0 = Debug|Any CPU
		{1896F0FB-98E2-40DC-8442-032F034DE06F}.Debug|x86.ActiveCfg = Debug|Any CPU
		{1896F0FB-98E2-40DC-8442-032F034DE06F}.Debug|x86.Build.0 = Debug|Any CPU
		{1896F0FB-98E2-40DC-8442-032F034DE06F}.Release|Any CPU.ActiveCfg = Release|Any CPU
		{1896F0FB-98E2-40DC-8442-032F034DE06F}.Release|Any CPU.Build.0 = Release|Any CPU
		{1896F0FB-98E2-40DC-8442-032F034DE06F}.Release|x64.ActiveCfg = Release|Any CPU
		{1896F0FB-98E2-40DC-8442-032F034DE06F}.Release|x64.Build.0 = Release|Any CPU
		{1896F0FB-98E2-40DC-8442-032F034DE06F}.Release|x86.ActiveCfg = Release|Any CPU
		{1896F0FB-98E2-40DC-8442-032F034DE06F}.Release|x86.Build.0 = Release|Any CPU
		{0B5F2431-0193-4D99-A2A2-5669BB639341}.Debug|Any CPU.ActiveCfg = Debug|Any CPU
		{0B5F2431-0193-4D99-A2A2-5669BB639341}.Debug|Any CPU.Build.0 = Debug|Any CPU
		{0B5F2431-0193-4D99-A2A2-5669BB639341}.Debug|x64.ActiveCfg = Debug|Any CPU
		{0B5F2431-0193-4D99-A2A2-5669BB639341}.Debug|x64.Build.0 = Debug|Any CPU
		{0B5F2431-0193-4D99-A2A2-5669BB639341}.Debug|x86.ActiveCfg = Debug|Any CPU
		{0B5F2431-0193-4D99-A2A2-5669BB639341}.Debug|x86.Build.0 = Debug|Any CPU
		{0B5F2431-0193-4D99-A2A2-5669BB639341}.Release|Any CPU.ActiveCfg = Release|Any CPU
		{0B5F2431-0193-4D99-A2A2-5669BB639341}.Release|Any CPU.Build.0 = Release|Any CPU
		{0B5F2431-0193-4D99-A2A2-5669BB639341}.Release|x64.ActiveCfg = Release|Any CPU
		{0B5F2431-0193-4D99-A2A2-5669BB639341}.Release|x64.Build.0 = Release|Any CPU
		{0B5F2431-0193-4D99-A2A2-5669BB639341}.Release|x86.ActiveCfg = Release|Any CPU
		{0B5F2431-0193-4D99-A2A2-5669BB639341}.Release|x86.Build.0 = Release|Any CPU
		{8B4DE350-44A3-4C12-9B2E-E17E77356D86}.Debug|Any CPU.ActiveCfg = Debug|Any CPU
		{8B4DE350-44A3-4C12-9B2E-E17E77356D86}.Debug|Any CPU.Build.0 = Debug|Any CPU
		{8B4DE350-44A3-4C12-9B2E-E17E77356D86}.Debug|x64.ActiveCfg = Debug|Any CPU
		{8B4DE350-44A3-4C12-9B2E-E17E77356D86}.Debug|x64.Build.0 = Debug|Any CPU
		{8B4DE350-44A3-4C12-9B2E-E17E77356D86}.Debug|x86.ActiveCfg = Debug|Any CPU
		{8B4DE350-44A3-4C12-9B2E-E17E77356D86}.Debug|x86.Build.0 = Debug|Any CPU
		{8B4DE350-44A3-4C12-9B2E-E17E77356D86}.Release|Any CPU.ActiveCfg = Release|Any CPU
		{8B4DE350-44A3-4C12-9B2E-E17E77356D86}.Release|Any CPU.Build.0 = Release|Any CPU
		{8B4DE350-44A3-4C12-9B2E-E17E77356D86}.Release|x64.ActiveCfg = Release|Any CPU
		{8B4DE350-44A3-4C12-9B2E-E17E77356D86}.Release|x64.Build.0 = Release|Any CPU
		{8B4DE350-44A3-4C12-9B2E-E17E77356D86}.Release|x86.ActiveCfg = Release|Any CPU
		{8B4DE350-44A3-4C12-9B2E-E17E77356D86}.Release|x86.Build.0 = Release|Any CPU
		{031D4A1A-EDEC-45C4-92F3-5608D0818DF9}.Debug|Any CPU.ActiveCfg = Debug|Any CPU
		{031D4A1A-EDEC-45C4-92F3-5608D0818DF9}.Debug|Any CPU.Build.0 = Debug|Any CPU
		{031D4A1A-EDEC-45C4-92F3-5608D0818DF9}.Debug|x64.ActiveCfg = Debug|Any CPU
		{031D4A1A-EDEC-45C4-92F3-5608D0818DF9}.Debug|x64.Build.0 = Debug|Any CPU
		{031D4A1A-EDEC-45C4-92F3-5608D0818DF9}.Debug|x86.ActiveCfg = Debug|Any CPU
		{031D4A1A-EDEC-45C4-92F3-5608D0818DF9}.Debug|x86.Build.0 = Debug|Any CPU
		{031D4A1A-EDEC-45C4-92F3-5608D0818DF9}.Release|Any CPU.ActiveCfg = Release|Any CPU
		{031D4A1A-EDEC-45C4-92F3-5608D0818DF9}.Release|Any CPU.Build.0 = Release|Any CPU
		{031D4A1A-EDEC-45C4-92F3-5608D0818DF9}.Release|x64.ActiveCfg = Release|Any CPU
		{031D4A1A-EDEC-45C4-92F3-5608D0818DF9}.Release|x64.Build.0 = Release|Any CPU
		{031D4A1A-EDEC-45C4-92F3-5608D0818DF9}.Release|x86.ActiveCfg = Release|Any CPU
		{031D4A1A-EDEC-45C4-92F3-5608D0818DF9}.Release|x86.Build.0 = Release|Any CPU
		{CF24BF62-E07F-472D-9BE3-D4C9889B9A68}.Debug|Any CPU.ActiveCfg = Debug|Any CPU
		{CF24BF62-E07F-472D-9BE3-D4C9889B9A68}.Debug|Any CPU.Build.0 = Debug|Any CPU
		{CF24BF62-E07F-472D-9BE3-D4C9889B9A68}.Debug|x64.ActiveCfg = Debug|Any CPU
		{CF24BF62-E07F-472D-9BE3-D4C9889B9A68}.Debug|x64.Build.0 = Debug|Any CPU
		{CF24BF62-E07F-472D-9BE3-D4C9889B9A68}.Debug|x86.ActiveCfg = Debug|Any CPU
		{CF24BF62-E07F-472D-9BE3-D4C9889B9A68}.Debug|x86.Build.0 = Debug|Any CPU
		{CF24BF62-E07F-472D-9BE3-D4C9889B9A68}.Release|Any CPU.ActiveCfg = Release|Any CPU
		{CF24BF62-E07F-472D-9BE3-D4C9889B9A68}.Release|Any CPU.Build.0 = Release|Any CPU
		{CF24BF62-E07F-472D-9BE3-D4C9889B9A68}.Release|x64.ActiveCfg = Release|Any CPU
		{CF24BF62-E07F-472D-9BE3-D4C9889B9A68}.Release|x64.Build.0 = Release|Any CPU
		{CF24BF62-E07F-472D-9BE3-D4C9889B9A68}.Release|x86.ActiveCfg = Release|Any CPU
		{CF24BF62-E07F-472D-9BE3-D4C9889B9A68}.Release|x86.Build.0 = Release|Any CPU
		{5E419622-E663-4268-9546-F4DD94D02753}.Debug|Any CPU.ActiveCfg = Debug|Any CPU
		{5E419622-E663-4268-9546-F4DD94D02753}.Debug|Any CPU.Build.0 = Debug|Any CPU
		{5E419622-E663-4268-9546-F4DD94D02753}.Debug|x64.ActiveCfg = Debug|Any CPU
		{5E419622-E663-4268-9546-F4DD94D02753}.Debug|x64.Build.0 = Debug|Any CPU
		{5E419622-E663-4268-9546-F4DD94D02753}.Debug|x86.ActiveCfg = Debug|Any CPU
		{5E419622-E663-4268-9546-F4DD94D02753}.Debug|x86.Build.0 = Debug|Any CPU
		{5E419622-E663-4268-9546-F4DD94D02753}.Release|Any CPU.ActiveCfg = Release|Any CPU
		{5E419622-E663-4268-9546-F4DD94D02753}.Release|Any CPU.Build.0 = Release|Any CPU
		{5E419622-E663-4268-9546-F4DD94D02753}.Release|x64.ActiveCfg = Release|Any CPU
		{5E419622-E663-4268-9546-F4DD94D02753}.Release|x64.Build.0 = Release|Any CPU
		{5E419622-E663-4268-9546-F4DD94D02753}.Release|x86.ActiveCfg = Release|Any CPU
		{5E419622-E663-4268-9546-F4DD94D02753}.Release|x86.Build.0 = Release|Any CPU
	EndGlobalSection
	GlobalSection(SolutionProperties) = preSolution
		HideSolutionNode = FALSE
	EndGlobalSection
	GlobalSection(NestedProjects) = preSolution
		{80611D1D-A99A-83AA-9230-F185E1B07B36} = {02EA681E-C7D8-13C7-8484-4AC65E1B71E8}
		{32433B2E-6D3B-5806-D2C8-DF5B6248FB88} = {02EA681E-C7D8-13C7-8484-4AC65E1B71E8}
		{1896F0FB-98E2-40DC-8442-032F034DE06F} = {02EA681E-C7D8-13C7-8484-4AC65E1B71E8}
		{0B5F2431-0193-4D99-A2A2-5669BB639341} = {827E0CD3-B72D-47B6-A68D-7590B98EB39B}
		{8B4DE350-44A3-4C12-9B2E-E17E77356D86} = {827E0CD3-B72D-47B6-A68D-7590B98EB39B}
		{031D4A1A-EDEC-45C4-92F3-5608D0818DF9} = {827E0CD3-B72D-47B6-A68D-7590B98EB39B}
		{CF24BF62-E07F-472D-9BE3-D4C9889B9A68} = {827E0CD3-B72D-47B6-A68D-7590B98EB39B}
		{5E419622-E663-4268-9546-F4DD94D02753} = {827E0CD3-B72D-47B6-A68D-7590B98EB39B}
	EndGlobalSection
	GlobalSection(ExtensibilityGlobals) = postSolution
		SolutionGuid = {6461CAB0-B76C-43AE-A6E1-A1222D056116}
	EndGlobalSection
EndGlobal
