
Microsoft Visual Studio Solution File, Format Version 12.00
# Visual Studio Version 17
VisualStudioVersion = 17.14.37012.4
MinimumVisualStudioVersion = 10.0.40219.1
Project("{FAE04EC0-301F-11D3-BF4B-00C04F79EFBC}") = "FinDistill.Application.Tests", "tests\FinDistill.Application.Tests\FinDistill.Application.Tests.csproj", "{80611D1D-A99A-83AA-9230-F185E1B07B36}"
EndProject
Project("{FAE04EC0-301F-11D3-BF4B-00C04F79EFBC}") = "FinDistill.Domain.Tests", "tests\FinDistill.Domain.Tests\FinDistill.Domain.Tests.csproj", "{32433B2E-6D3B-5806-D2C8-DF5B6248FB88}"
EndProject
Project("{FAE04EC0-301F-11D3-BF4B-00C04F79EFBC}") = "FinDistill.Infrastructure.Tests", "tests\FinDistill.Infrastructure.Tests\FinDistill.Infrastructure.Tests.csproj", "{1896F0FB-98E2-40DC-8442-032F034DE06F}"
EndProject
Project("{2150E333-8FDC-42A3-9474-1A3956D46DE8}") = "06. Tests", "06. Tests", "{02EA681E-C7D8-13C7-8484-4AC65E1B71E8}"
EndProject
Project("{FAE04EC0-301F-11D3-BF4B-00C04F79EFBC}") = "FinDistill.Domain", "src\FinDistill.Domain\FinDistill.Domain.csproj", "{D391EA68-2287-BDBE-E5D2-C4A2AE5189DD}"
EndProject
Project("{2150E333-8FDC-42A3-9474-1A3956D46DE8}") = "01. Domain", "01. Domain", "{2978D82C-EB54-492C-9EE8-4A42A86F060C}"
EndProject
Project("{FAE04EC0-301F-11D3-BF4B-00C04F79EFBC}") = "FinDistill.Application", "src\FinDistill.Application\FinDistill.Application.csproj", "{325A8ABA-259A-D522-CC67-4B0D8D0F2173}"
EndProject
Project("{2150E333-8FDC-42A3-9474-1A3956D46DE8}") = "02. Application", "02. Application", "{AF44D371-9276-494F-ADFA-CB2E95F419C0}"
EndProject
Project("{FAE04EC0-301F-11D3-BF4B-00C04F79EFBC}") = "FinDistill.Infrastructure", "src\FinDistill.Infrastructure\FinDistill.Infrastructure.csproj", "{AC6E7298-9480-50F2-AD66-0246CDAB32D3}"
EndProject
Project("{FAE04EC0-301F-11D3-BF4B-00C04F79EFBC}") = "FinDistill.Web", "src\FinDistill.Web\FinDistill.Web.csproj", "{10E19245-1525-8F57-DC76-BCC8CF1C8F59}"
EndProject
Project("{FAE04EC0-301F-11D3-BF4B-00C04F79EFBC}") = "FinDistill.Worker", "src\FinDistill.Worker\FinDistill.Worker.csproj", "{F20678FB-DCC8-B1D0-CF31-138855274CAE}"
EndProject
Project("{2150E333-8FDC-42A3-9474-1A3956D46DE8}") = "03. Infrastructure", "03. Infrastructure", "{0C22974B-EEC0-496B-9461-DACD8FD7BA92}"
EndProject
Project("{2150E333-8FDC-42A3-9474-1A3956D46DE8}") = "04. Presentation", "04. Presentation", "{E6963052-FED1-4FE7-876B-E47BDDCBCFCF}"
EndProject
Global
	GlobalSection(SolutionConfigurationPlatforms) = preSolution
		Debug|Any CPU = Debug|Any CPU
		Release|Any CPU = Release|Any CPU
	EndGlobalSection
	GlobalSection(ProjectConfigurationPlatforms) = postSolution
		{80611D1D-A99A-83AA-9230-F185E1B07B36}.Debug|Any CPU.ActiveCfg = Debug|Any CPU
		{80611D1D-A99A-83AA-9230-F185E1B07B36}.Debug|Any CPU.Build.0 = Debug|Any CPU
		{80611D1D-A99A-83AA-9230-F185E1B07B36}.Release|Any CPU.ActiveCfg = Release|Any CPU
		{80611D1D-A99A-83AA-9230-F185E1B07B36}.Release|Any CPU.Build.0 = Release|Any CPU
		{32433B2E-6D3B-5806-D2C8-DF5B6248FB88}.Debug|Any CPU.ActiveCfg = Debug|Any CPU
		{32433B2E-6D3B-5806-D2C8-DF5B6248FB88}.Debug|Any CPU.Build.0 = Debug|Any CPU
		{32433B2E-6D3B-5806-D2C8-DF5B6248FB88}.Release|Any CPU.ActiveCfg = Release|Any CPU
		{32433B2E-6D3B-5806-D2C8-DF5B6248FB88}.Release|Any CPU.Build.0 = Release|Any CPU
		{1896F0FB-98E2-40DC-8442-032F034DE06F}.Debug|Any CPU.ActiveCfg = Debug|Any CPU
		{1896F0FB-98E2-40DC-8442-032F034DE06F}.Debug|Any CPU.Build.0 = Debug|Any CPU
		{1896F0FB-98E2-40DC-8442-032F034DE06F}.Release|Any CPU.ActiveCfg = Release|Any CPU
		{1896F0FB-98E2-40DC-8442-032F034DE06F}.Release|Any CPU.Build.0 = Release|Any CPU
		{D391EA68-2287-BDBE-E5D2-C4A2AE5189DD}.Debug|Any CPU.ActiveCfg = Debug|Any CPU
		{D391EA68-2287-BDBE-E5D2-C4A2AE5189DD}.Debug|Any CPU.Build.0 = Debug|Any CPU
		{D391EA68-2287-BDBE-E5D2-C4A2AE5189DD}.Release|Any CPU.ActiveCfg = Release|Any CPU
		{D391EA68-2287-BDBE-E5D2-C4A2AE5189DD}.Release|Any CPU.Build.0 = Release|Any CPU
		{325A8ABA-259A-D522-CC67-4B0D8D0F2173}.Debug|Any CPU.ActiveCfg = Debug|Any CPU
		{325A8ABA-259A-D522-CC67-4B0D8D0F2173}.Debug|Any CPU.Build.0 = Debug|Any CPU
		{325A8ABA-259A-D522-CC67-4B0D8D0F2173}.Release|Any CPU.ActiveCfg = Release|Any CPU
		{325A8ABA-259A-D522-CC67-4B0D8D0F2173}.Release|Any CPU.Build.0 = Release|Any CPU
		{AC6E7298-9480-50F2-AD66-0246CDAB32D3}.Debug|Any CPU.ActiveCfg = Debug|Any CPU
		{AC6E7298-9480-50F2-AD66-0246CDAB32D3}.Debug|Any CPU.Build.0 = Debug|Any CPU
		{AC6E7298-9480-50F2-AD66-0246CDAB32D3}.Release|Any CPU.ActiveCfg = Release|Any CPU
		{AC6E7298-9480-50F2-AD66-0246CDAB32D3}.Release|Any CPU.Build.0 = Release|Any CPU
		{10E19245-1525-8F57-DC76-BCC8CF1C8F59}.Debug|Any CPU.ActiveCfg = Debug|Any CPU
		{10E19245-1525-8F57-DC76-BCC8CF1C8F59}.Debug|Any CPU.Build.0 = Debug|Any CPU
		{10E19245-1525-8F57-DC76-BCC8CF1C8F59}.Release|Any CPU.ActiveCfg = Release|Any CPU
		{10E19245-1525-8F57-DC76-BCC8CF1C8F59}.Release|Any CPU.Build.0 = Release|Any CPU
		{F20678FB-DCC8-B1D0-CF31-138855274CAE}.Debug|Any CPU.ActiveCfg = Debug|Any CPU
		{F20678FB-DCC8-B1D0-CF31-138855274CAE}.Debug|Any CPU.Build.0 = Debug|Any CPU
		{F20678FB-DCC8-B1D0-CF31-138855274CAE}.Release|Any CPU.ActiveCfg = Release|Any CPU
		{F20678FB-DCC8-B1D0-CF31-138855274CAE}.Release|Any CPU.Build.0 = Release|Any CPU
	EndGlobalSection
	GlobalSection(SolutionProperties) = preSolution
		HideSolutionNode = FALSE
	EndGlobalSection
	GlobalSection(NestedProjects) = preSolution
		{80611D1D-A99A-83AA-9230-F185E1B07B36} = {02EA681E-C7D8-13C7-8484-4AC65E1B71E8}
		{32433B2E-6D3B-5806-D2C8-DF5B6248FB88} = {02EA681E-C7D8-13C7-8484-4AC65E1B71E8}
		{1896F0FB-98E2-40DC-8442-032F034DE06F} = {02EA681E-C7D8-13C7-8484-4AC65E1B71E8}
		{D391EA68-2287-BDBE-E5D2-C4A2AE5189DD} = {2978D82C-EB54-492C-9EE8-4A42A86F060C}
		{325A8ABA-259A-D522-CC67-4B0D8D0F2173} = {AF44D371-9276-494F-ADFA-CB2E95F419C0}
		{AC6E7298-9480-50F2-AD66-0246CDAB32D3} = {0C22974B-EEC0-496B-9461-DACD8FD7BA92}
		{10E19245-1525-8F57-DC76-BCC8CF1C8F59} = {E6963052-FED1-4FE7-876B-E47BDDCBCFCF}
		{F20678FB-DCC8-B1D0-CF31-138855274CAE} = {E6963052-FED1-4FE7-876B-E47BDDCBCFCF}
	EndGlobalSection
	GlobalSection(ExtensibilityGlobals) = postSolution
		SolutionGuid = {6461CAB0-B76C-43AE-A6E1-A1222D056116}
	EndGlobalSection
EndGlobal
